
Microsoft Visual Studio Solution File, Format Version 12.00
# Visual Studio Version 16
VisualStudioVersion = 16.0.34031.81
MinimumVisualStudioVersion = 10.0.40219.1
Project("{2150E333-8FDC-42A3-9474-1A3956D46DE8}") = "Task0", "Task0", "{4684E210-8A59-443A-943F-D9498F044DBB}"
EndProject
Project("{FAE04EC0-301F-11D3-BF4B-00C04F79EFBC}") = "Tyuiu.ModenovaAP.Sprint0.Task0.V0", "Tyuiu.ModenovaAP.Sprint0.Task0.V0\Tyuiu.ModenovaAP.Sprint0.Task0.V0.csproj", "{0B658E7B-E5EB-4BB4-85BC-E8098C254F4F}"
EndProject
Project("{2150E333-8FDC-42A3-9474-1A3956D46DE8}") = "Task1", "Task1", "{2369E991-9289-4F51-AB0E-25FF5AA93D02}"
EndProject
Project("{FAE04EC0-301F-11D3-BF4B-00C04F79EFBC}") = "Tyuiu.ModenovaAP.Sprint0.Task1.V0", "Tyuiu.ModenovaAP.Sprint0.Task1.V0\Tyuiu.ModenovaAP.Sprint0.Task1.V0.csproj", "{2DCC671F-A0C5-4411-A3B5-27123C56E061}"
EndProject
Project("{2150E333-8FDC-42A3-9474-1A3956D46DE8}") = "Task2", "Task2", "{31BA5899-EF69-4B46-95FF-EF9359A68078}"
EndProject
Project("{FAE04EC0-301F-11D3-BF4B-00C04F79EFBC}") = "Tyuiu.ModenovaAP.Sprint0.Task2.V0", "Tyuiu.ModenovaAP.Sprint0.Task2.V0\Tyuiu.ModenovaAP.Sprint0.Task2.V0.csproj", "{8F3BA35D-5495-4ADB-B85A-E3218D297EB0}"
EndProject
Project("{FAE04EC0-301F-11D3-BF4B-00C04F79EFBC}") = "Tyuiu.ModenovaAP.Sprint0.Task2.V0.Lib", "Tyuiu.ModenovaAP.Sprint0.Task2.V0.Lib\Tyuiu.ModenovaAP.Sprint0.Task2.V0.Lib.csproj", "{4339B950-B354-42AE-8269-C18AB19FA4ED}"
EndProject
Project("{FAE04EC0-301F-11D3-BF4B-00C04F79EFBC}") = "Tyuiu.ModenovaAP.Sprint0.Task2.V0.Test", "Tyuiu.ModenovaAP.Sprint0.Task2.V0.Test\Tyuiu.ModenovaAP.Sprint0.Task2.V0.Test.csproj", "{BECB668F-CD70-40EA-8BBE-3A98EF8A42B6}"
EndProject
Project("{2150E333-8FDC-42A3-9474-1A3956D46DE8}") = "Task3", "Task3", "{CEF38B60-26D4-40F3-9D58-186A49685A27}"
EndProject
Project("{FAE04EC0-301F-11D3-BF4B-00C04F79EFBC}") = "Tyuiu.ModenovaAP.Sprint0.Task3.V0", "Tyuiu.ModenovaAP.Sprint0.Task3.V0\Tyuiu.ModenovaAP.Sprint0.Task3.V0.csproj", "{D00289D6-CEE8-496C-AA64-64EE7B95AFDF}"
EndProject
Project("{FAE04EC0-301F-11D3-BF4B-00C04F79EFBC}") = "Tyuiu.ModenovaAP.Sprint0.Task3.V0.Lib", "Tyuiu.ModenovaAP.Sprint0.Task3.V0.Lib\Tyuiu.ModenovaAP.Sprint0.Task3.V0.Lib.csproj", "{35B8E855-AA55-40AE-9095-C1E67847F6B0}"
EndProject
Project("{FAE04EC0-301F-11D3-BF4B-00C04F79EFBC}") = "Tyuiu.ModenovaAP.Sprint0.Task3.V0.Test", "Tyuiu.ModenovaAP.Sprint0.Task3.V0.Test\Tyuiu.ModenovaAP.Sprint0.Task3.V0.Test.csproj", "{7B981788-14EC-4421-9EB6-F80B6B07826A}"
EndProject
Project("{2150E333-8FDC-42A3-9474-1A3956D46DE8}") = "Task4", "Task4", "{4F22649A-97DB-4E37-AE9B-625660E33E3C}"
EndProject
Project("{FAE04EC0-301F-11D3-BF4B-00C04F79EFBC}") = "Tyuiu.ModenovaAP.Sprint0.Task4.V0", "Tyuiu.ModenovaAP.Sprint0.Task4.V0\Tyuiu.ModenovaAP.Sprint0.Task4.V0.csproj", "{D900EF9C-D438-42C2-8D9A-A7E25CE7DA11}"
EndProject
Project("{FAE04EC0-301F-11D3-BF4B-00C04F79EFBC}") = "Tyuiu.ModenovaAP.Sprint0.Task4.V0.Lib", "Tyuiu.ModenovaAP.Sprint0.Task4.V0.Lib\Tyuiu.ModenovaAP.Sprint0.Task4.V0.Lib.csproj", "{A6CD006F-95F6-4939-BAAF-617637E324FD}"
EndProject
Project("{FAE04EC0-301F-11D3-BF4B-00C04F79EFBC}") = "Tyuiu.ModenovaAP.Sprint0.Task4.V0.Test", "Tyuiu.ModenovaAP.Sprint0.Task4.V0.Test\Tyuiu.ModenovaAP.Sprint0.Task4.V0.Test.csproj", "{C23D3AC8-BEBC-4395-A791-2850992A1CD5}"
EndProject
Project("{2150E333-8FDC-42A3-9474-1A3956D46DE8}") = "Task5", "Task5", "{52C34F92-24FD-4AFD-BB69-8D17B918147B}"
EndProject
Project("{FAE04EC0-301F-11D3-BF4B-00C04F79EFBC}") = "Tyuiu.ModenovaAP.Sprint0.Task5.V0", "Tyuiu.ModenovaAP.Sprint0.Task5.V0\Tyuiu.ModenovaAP.Sprint0.Task5.V0.csproj", "{266BDEDC-315A-4DE0-8E07-9F21526845E9}"
EndProject
Project("{FAE04EC0-301F-11D3-BF4B-00C04F79EFBC}") = "Tyuiu.ModenovaAP.Sprint0.Task5.V0.Lib", "Tyuiu.ModenovaAP.Sprint0.Task5.V0.Lib\Tyuiu.ModenovaAP.Sprint0.Task5.V0.Lib.csproj", "{8E42DB7D-07F2-4497-8003-2A41EC2A79D1}"
EndProject
Project("{FAE04EC0-301F-11D3-BF4B-00C04F79EFBC}") = "Tyuiu.ModenovaAP.Sprint0.Task5.V0.Test", "Tyuiu.ModenovaAP.Sprint0.Task5.V0.Test\Tyuiu.ModenovaAP.Sprint0.Task5.V0.Test.csproj", "{63643548-27E6-424E-91E1-BFC89A0C5783}"
EndProject
Project("{2150E333-8FDC-42A3-9474-1A3956D46DE8}") = "Task6", "Task6", "{4FAE248F-184F-4D99-B8D0-1DF4E3F7361D}"
EndProject
Project("{FAE04EC0-301F-11D3-BF4B-00C04F79EFBC}") = "Tyuiu.ModenovaAP.Sprint0.Task6.V0", "Tyuiu.ModenovaAP.Sprint0.Task6.V0\Tyuiu.ModenovaAP.Sprint0.Task6.V0.csproj", "{4EA10C86-B15F-4BCA-A85B-8D9514C016A8}"
EndProject
Project("{FAE04EC0-301F-11D3-BF4B-00C04F79EFBC}") = "Tyuiu.ModenovaAP.Sprint0.Task6.V0.Lib", "Tyuiu.ModenovaAP.Sprint0.Task6.V0.Lib\Tyuiu.ModenovaAP.Sprint0.Task6.V0.Lib.csproj", "{AD88819D-CC46-4E47-99C9-04C0A69A4146}"
EndProject
Project("{FAE04EC0-301F-11D3-BF4B-00C04F79EFBC}") = "Tyuiu.ModenovaAP.Sprint0.Task6.V0.Test", "Tyuiu.ModenovaAP.Sprint0.Task6.V0.Test\Tyuiu.ModenovaAP.Sprint0.Task6.V0.Test.csproj", "{24485C9A-5502-4700-88F7-E9351717CD1F}"
EndProject
Global
	GlobalSection(SolutionConfigurationPlatforms) = preSolution
		Debug|Any CPU = Debug|Any CPU
		Release|Any CPU = Release|Any CPU
	EndGlobalSection
	GlobalSection(ProjectConfigurationPlatforms) = postSolution
		{0B658E7B-E5EB-4BB4-85BC-E8098C254F4F}.Debug|Any CPU.ActiveCfg = Debug|Any CPU
		{0B658E7B-E5EB-4BB4-85BC-E8098C254F4F}.Debug|Any CPU.Build.0 = Debug|Any CPU
		{0B658E7B-E5EB-4BB4-85BC-E8098C254F4F}.Release|Any CPU.ActiveCfg = Release|Any CPU
		{0B658E7B-E5EB-4BB4-85BC-E8098C254F4F}.Release|Any CPU.Build.0 = Release|Any CPU
		{2DCC671F-A0C5-4411-A3B5-27123C56E061}.Debug|Any CPU.ActiveCfg = Debug|Any CPU
		{2DCC671F-A0C5-4411-A3B5-27123C56E061}.Debug|Any CPU.Build.0 = Debug|Any CPU
		{2DCC671F-A0C5-4411-A3B5-27123C56E061}.Release|Any CPU.ActiveCfg = Release|Any CPU
		{2DCC671F-A0C5-4411-A3B5-27123C56E061}.Release|Any CPU.Build.0 = Release|Any CPU
		{8F3BA35D-5495-4ADB-B85A-E3218D297EB0}.Debug|Any CPU.ActiveCfg = Debug|Any CPU
		{8F3BA35D-5495-4ADB-B85A-E3218D297EB0}.Debug|Any CPU.Build.0 = Debug|Any CPU
		{8F3BA35D-5495-4ADB-B85A-E3218D297EB0}.Release|Any CPU.ActiveCfg = Release|Any CPU
		{8F3BA35D-5495-4ADB-B85A-E3218D297EB0}.Release|Any CPU.Build.0 = Release|Any CPU
		{4339B950-B354-42AE-8269-C18AB19FA4ED}.Debug|Any CPU.ActiveCfg = Debug|Any CPU
		{4339B950-B354-42AE-8269-C18AB19FA4ED}.Debug|Any CPU.Build.0 = Debug|Any CPU
		{4339B950-B354-42AE-8269-C18AB19FA4ED}.Release|Any CPU.ActiveCfg = Release|Any CPU
		{4339B950-B354-42AE-8269-C18AB19FA4ED}.Release|Any CPU.Build.0 = Release|Any CPU
		{BECB668F-CD70-40EA-8BBE-3A98EF8A42B6}.Debug|Any CPU.ActiveCfg = Debug|Any CPU
		{BECB668F-CD70-40EA-8BBE-3A98EF8A42B6}.Debug|Any CPU.Build.0 = Debug|Any CPU
		{BECB668F-CD70-40EA-8BBE-3A98EF8A42B6}.Release|Any CPU.ActiveCfg = Release|Any CPU
		{BECB668F-CD70-40EA-8BBE-3A98EF8A42B6}.Release|Any CPU.Build.0 = Release|Any CPU
		{D00289D6-CEE8-496C-AA64-64EE7B95AFDF}.Debug|Any CPU.ActiveCfg = Debug|Any CPU
		{D00289D6-CEE8-496C-AA64-64EE7B95AFDF}.Debug|Any CPU.Build.0 = Debug|Any CPU
		{D00289D6-CEE8-496C-AA64-64EE7B95AFDF}.Release|Any CPU.ActiveCfg = Release|Any CPU
		{D00289D6-CEE8-496C-AA64-64EE7B95AFDF}.Release|Any CPU.Build.0 = Release|Any CPU
		{35B8E855-AA55-40AE-9095-C1E67847F6B0}.Debug|Any CPU.ActiveCfg = Debug|Any CPU
		{35B8E855-AA55-40AE-9095-C1E67847F6B0}.Debug|Any CPU.Build.0 = Debug|Any CPU
		{35B8E855-AA55-40AE-9095-C1E67847F6B0}.Release|Any CPU.ActiveCfg = Release|Any CPU
		{35B8E855-AA55-40AE-9095-C1E67847F6B0}.Release|Any CPU.Build.0 = Release|Any CPU
		{7B981788-14EC-4421-9EB6-F80B6B07826A}.Debug|Any CPU.ActiveCfg = Debug|Any CPU
		{7B981788-14EC-4421-9EB6-F80B6B07826A}.Debug|Any CPU.Build.0 = Debug|Any CPU
		{7B981788-14EC-4421-9EB6-F80B6B07826A}.Release|Any CPU.ActiveCfg = Release|Any CPU
		{7B981788-14EC-4421-9EB6-F80B6B07826A}.Release|Any CPU.Build.0 = Release|Any CPU
		{D900EF9C-D438-42C2-8D9A-A7E25CE7DA11}.Debug|Any CPU.ActiveCfg = Debug|Any CPU
		{D900EF9C-D438-42C2-8D9A-A7E25CE7DA11}.Debug|Any CPU.Build.0 = Debug|Any CPU
		{D900EF9C-D438-42C2-8D9A-A7E25CE7DA11}.Release|Any CPU.ActiveCfg = Release|Any CPU
		{D900EF9C-D438-42C2-8D9A-A7E25CE7DA11}.Release|Any CPU.Build.0 = Release|Any CPU
		{A6CD006F-95F6-4939-BAAF-617637E324FD}.Debug|Any CPU.ActiveCfg = Debug|Any CPU
		{A6CD006F-95F6-4939-BAAF-617637E324FD}.Debug|Any CPU.Build.0 = Debug|Any CPU
		{A6CD006F-95F6-4939-BAAF-617637E324FD}.Release|Any CPU.ActiveCfg = Release|Any CPU
		{A6CD006F-95F6-4939-BAAF-617637E324FD}.Release|Any CPU.Build.0 = Release|Any CPU
		{C23D3AC8-BEBC-4395-A791-2850992A1CD5}.Debug|Any CPU.ActiveCfg = Debug|Any CPU
		{C23D3AC8-BEBC-4395-A791-2850992A1CD5}.Debug|Any CPU.Build.0 = Debug|Any CPU
		{C23D3AC8-BEBC-4395-A791-2850992A1CD5}.Release|Any CPU.ActiveCfg = Release|Any CPU
		{C23D3AC8-BEBC-4395-A791-2850992A1CD5}.Release|Any CPU.Build.0 = Release|Any CPU
		{266BDEDC-315A-4DE0-8E07-9F21526845E9}.Debug|Any CPU.ActiveCfg = Debug|Any CPU
		{266BDEDC-315A-4DE0-8E07-9F21526845E9}.Debug|Any CPU.Build.0 = Debug|Any CPU
		{266BDEDC-315A-4DE0-8E07-9F21526845E9}.Release|Any CPU.ActiveCfg = Release|Any CPU
		{266BDEDC-315A-4DE0-8E07-9F21526845E9}.Release|Any CPU.Build.0 = Release|Any CPU
		{8E42DB7D-07F2-4497-8003-2A41EC2A79D1}.Debug|Any CPU.ActiveCfg = Debug|Any CPU
		{8E42DB7D-07F2-4497-8003-2A41EC2A79D1}.Debug|Any CPU.Build.0 = Debug|Any CPU
		{8E42DB7D-07F2-4497-8003-2A41EC2A79D1}.Release|Any CPU.ActiveCfg = Release|Any CPU
		{8E42DB7D-07F2-4497-8003-2A41EC2A79D1}.Release|Any CPU.Build.0 = Release|Any CPU
		{63643548-27E6-424E-91E1-BFC89A0C5783}.Debug|Any CPU.ActiveCfg = Debug|Any CPU
		{63643548-27E6-424E-91E1-BFC89A0C5783}.Debug|Any CPU.Build.0 = Debug|Any CPU
		{63643548-27E6-424E-91E1-BFC89A0C5783}.Release|Any CPU.ActiveCfg = Release|Any CPU
		{63643548-27E6-424E-91E1-BFC89A0C5783}.Release|Any CPU.Build.0 = Release|Any CPU
		{4EA10C86-B15F-4BCA-A85B-8D9514C016A8}.Debug|Any CPU.ActiveCfg = Debug|Any CPU
		{4EA10C86-B15F-4BCA-A85B-8D9514C016A8}.Debug|Any CPU.Build.0 = Debug|Any CPU
		{4EA10C86-B15F-4BCA-A85B-8D9514C016A8}.Release|Any CPU.ActiveCfg = Release|Any CPU
		{4EA10C86-B15F-4BCA-A85B-8D9514C016A8}.Release|Any CPU.Build.0 = Release|Any CPU
		{AD88819D-CC46-4E47-99C9-04C0A69A4146}.Debug|Any CPU.ActiveCfg = Debug|Any CPU
		{AD88819D-CC46-4E47-99C9-04C0A69A4146}.Debug|Any CPU.Build.0 = Debug|Any CPU
		{AD88819D-CC46-4E47-99C9-04C0A69A4146}.Release|Any CPU.ActiveCfg = Release|Any CPU
		{AD88819D-CC46-4E47-99C9-04C0A69A4146}.Release|Any CPU.Build.0 = Release|Any CPU
		{24485C9A-5502-4700-88F7-E9351717CD1F}.Debug|Any CPU.ActiveCfg = Debug|Any CPU
		{24485C9A-5502-4700-88F7-E9351717CD1F}.Debug|Any CPU.Build.0 = Debug|Any CPU
		{24485C9A-5502-4700-88F7-E9351717CD1F}.Release|Any CPU.ActiveCfg = Release|Any CPU
		{24485C9A-5502-4700-88F7-E9351717CD1F}.Release|Any CPU.Build.0 = Release|Any CPU
	EndGlobalSection
	GlobalSection(SolutionProperties) = preSolution
		HideSolutionNode = FALSE
	EndGlobalSection
	GlobalSection(NestedProjects) = preSolution
		{0B658E7B-E5EB-4BB4-85BC-E8098C254F4F} = {4684E210-8A59-443A-943F-D9498F044DBB}
		{2DCC671F-A0C5-4411-A3B5-27123C56E061} = {2369E991-9289-4F51-AB0E-25FF5AA93D02}
		{8F3BA35D-5495-4ADB-B85A-E3218D297EB0} = {31BA5899-EF69-4B46-95FF-EF9359A68078}
		{4339B950-B354-42AE-8269-C18AB19FA4ED} = {31BA5899-EF69-4B46-95FF-EF9359A68078}
		{BECB668F-CD70-40EA-8BBE-3A98EF8A42B6} = {31BA5899-EF69-4B46-95FF-EF9359A68078}
		{D00289D6-CEE8-496C-AA64-64EE7B95AFDF} = {CEF38B60-26D4-40F3-9D58-186A49685A27}
		{35B8E855-AA55-40AE-9095-C1E67847F6B0} = {CEF38B60-26D4-40F3-9D58-186A49685A27}
		{7B981788-14EC-4421-9EB6-F80B6B07826A} = {CEF38B60-26D4-40F3-9D58-186A49685A27}
		{D900EF9C-D438-42C2-8D9A-A7E25CE7DA11} = {4F22649A-97DB-4E37-AE9B-625660E33E3C}
		{A6CD006F-95F6-4939-BAAF-617637E324FD} = {4F22649A-97DB-4E37-AE9B-625660E33E3C}
		{C23D3AC8-BEBC-4395-A791-2850992A1CD5} = {4F22649A-97DB-4E37-AE9B-625660E33E3C}
		{266BDEDC-315A-4DE0-8E07-9F21526845E9} = {52C34F92-24FD-4AFD-BB69-8D17B918147B}
		{8E42DB7D-07F2-4497-8003-2A41EC2A79D1} = {52C34F92-24FD-4AFD-BB69-8D17B918147B}
		{63643548-27E6-424E-91E1-BFC89A0C5783} = {52C34F92-24FD-4AFD-BB69-8D17B918147B}
		{4EA10C86-B15F-4BCA-A85B-8D9514C016A8} = {4FAE248F-184F-4D99-B8D0-1DF4E3F7361D}
		{AD88819D-CC46-4E47-99C9-04C0A69A4146} = {4FAE248F-184F-4D99-B8D0-1DF4E3F7361D}
		{24485C9A-5502-4700-88F7-E9351717CD1F} = {4FAE248F-184F-4D99-B8D0-1DF4E3F7361D}
	EndGlobalSection
	GlobalSection(ExtensibilityGlobals) = postSolution
		SolutionGuid = {B9FEFC0B-198F-42E3-83C1-E3BFB27B9ED9}
	EndGlobalSection
EndGlobal
